
Microsoft Visual Studio Solution File, Format Version 12.00
# Visual Studio Version 17
VisualStudioVersion = 17.14.36915.13
MinimumVisualStudioVersion = 10.0.40219.1
Project("{FAE04EC0-301F-11D3-BF4B-00C04F79EFBC}") = "SkilReview", "TestPractice\SkilReview.csproj", "{742A020D-CC3C-4154-9C3B-6E15BB013DB1}"
EndProject
Global
	GlobalSection(SolutionConfigurationPlatforms) = preSolution
		Debug|Any CPU = Debug|Any CPU
		Release|Any CPU = Release|Any CPU
	EndGlobalSection
	GlobalSection(ProjectConfigurationPlatforms) = postSolution
		{742A020D-CC3C-4154-9C3B-6E15BB013DB1}.Debug|Any CPU.ActiveCfg = Debug|Any CPU
		{742A020D-CC3C-4154-9C3B-6E15BB013DB1}.Debug|Any CPU.Build.0 = Debug|Any CPU
		{742A020D-CC3C-4154-9C3B-6E15BB013DB1}.Release|Any CPU.ActiveCfg = Release|Any CPU
		{742A020D-CC3C-4154-9C3B-6E15BB013DB1}.Release|Any CPU.Build.0 = Release|Any CPU
	EndGlobalSection
	GlobalSection(SolutionProperties) = preSolution
		HideSolutionNode = FALSE
	EndGlobalSection
	GlobalSection(ExtensibilityGlobals) = postSolution
		SolutionGuid = {675E3C26-A0D5-4D58-BB3C-AE284AE8B466}
	EndGlobalSection
EndGlobal
